{
  "name": "winemini",
  "version": "1.0.0",
  "lockfileVersion": 2,
  "requires": true,
  "packages": {
    "": {
      "name": "winemini",
      "version": "1.0.0",
      "license": "ISC",
      "dependencies": {
        "@vant/weapp": "^1.10.19",
        "lottie-miniprogram": "^1.0.12",
        "miniprogram-sm-crypto": "^0.3.12"
      }
    },
    "node_modules/@vant/weapp": {
      "version": "1.10.19",
      "resolved": "https://registry.npmmirror.com/@vant/weapp/-/weapp-1.10.19.tgz",
      "integrity": "sha512-RStOPlSELi9lqim9dGagguViUVMNnfZaEceZ248JZgPjn5TzL2nwwHGWl9VI69SBPC+5MPS+LXm7Z4jcdscFeg=="
    },
    "node_modules/jsbn": {
      "version": "1.1.0",
      "resolved": "https://registry.npmmirror.com/jsbn/-/jsbn-1.1.0.tgz",
      "integrity": "sha512-4bYVV3aAMtDTTu4+xsDYa6sy9GyJ69/amsu9sYF2zqjiEoZA5xJi3BrfX3uY+/IekIu7MwdObdbDWpoZdBv3/A=="
    },
    "node_modules/lottie-miniprogram": {
      "version": "1.0.12",
      "resolved": "https://registry.npmjs.org/lottie-miniprogram/-/lottie-miniprogram-1.0.12.tgz",
      "integrity": "sha512-2ITtXAyeDXbftvYYe5w0ayl8jTV8laylWMCdJofpka1q205NkjRNj7kX+iIZZ/YjKh1f8plWxb9gSFHkC7BLUQ=="
    },
    "node_modules/miniprogram-sm-crypto": {
      "version": "0.3.12",
      "resolved": "https://registry.npmmirror.com/miniprogram-sm-crypto/-/miniprogram-sm-crypto-0.3.12.tgz",
      "integrity": "sha512-/Wani+gluE8mD3Q+6VeHTjooLD+mS0lo6kS9FIS3XSCh2m8z446sXrFtmENN6pJgh7iB2YJTyFiXgBihNt2/yw==",
      "dependencies": {
        "jsbn": "^1.1.0"
      }
    }
  },
  "dependencies": {
    "@vant/weapp": {
      "version": "1.10.19",
      "resolved": "https://registry.npmmirror.com/@vant/weapp/-/weapp-1.10.19.tgz",
      "integrity": "sha512-RStOPlSELi9lqim9dGagguViUVMNnfZaEceZ248JZgPjn5TzL2nwwHGWl9VI69SBPC+5MPS+LXm7Z4jcdscFeg=="
    },
    "jsbn": {
      "version": "1.1.0",
      "resolved": "https://registry.npmmirror.com/jsbn/-/jsbn-1.1.0.tgz",
      "integrity": "sha512-4bYVV3aAMtDTTu4+xsDYa6sy9GyJ69/amsu9sYF2zqjiEoZA5xJi3BrfX3uY+/IekIu7MwdObdbDWpoZdBv3/A=="
    },
    "lottie-miniprogram": {
      "version": "1.0.12",
      "resolved": "https://registry.npmjs.org/lottie-miniprogram/-/lottie-miniprogram-1.0.12.tgz",
      "integrity": "sha512-2ITtXAyeDXbftvYYe5w0ayl8jTV8laylWMCdJofpka1q205NkjRNj7kX+iIZZ/YjKh1f8plWxb9gSFHkC7BLUQ=="
    },
    "miniprogram-sm-crypto": {
      "version": "0.3.12",
      "resolved": "https://registry.npmmirror.com/miniprogram-sm-crypto/-/miniprogram-sm-crypto-0.3.12.tgz",
      "integrity": "sha512-/Wani+gluE8mD3Q+6VeHTjooLD+mS0lo6kS9FIS3XSCh2m8z446sXrFtmENN6pJgh7iB2YJTyFiXgBihNt2/yw==",
      "requires": {
        "jsbn": "^1.1.0"
      }
    }
  }
}
